// !$*UTF8*$!
{
	archiveVersion = 1;
	classes = {
	};
	objectVersion = 77;
	objects = {

/* Begin PBXBuildFile section */
		601EBF5B2ED7EB0A00134A6B /* CleanURL Extension.appex in Embed Foundation Extensions */ = {isa = PBXBuildFile; fileRef = 601EBF5A2ED7EB0A00134A6B /* CleanURL Extension.appex */; settings = {ATTRIBUTES = (RemoveHeadersOnCopy, ); }; };
		601EBF652ED7EB0A00134A6B /* CleanURL Extension.appex in Embed Foundation Extensions */ = {isa = PBXBuildFile; fileRef = 601EBF642ED7EB0A00134A6B /* CleanURL Extension.appex */; settings = {ATTRIBUTES = (RemoveHeadersOnCopy, ); }; };
/* End PBXBuildFile section */

/* Begin PBXContainerItemProxy section */
		601EBF5C2ED7EB0A00134A6B /* PBXContainerItemProxy */ = {
			isa = PBXContainerItemProxy;
			containerPortal = 601EBF212ED7EB0800134A6B /* Project object */;
			proxyType = 1;
			remoteGlobalIDString = 601EBF592ED7EB0A00134A6B;
			remoteInfo = "CleanURL Extension (iOS)";
		};
		601EBF662ED7EB0A00134A6B /* PBXContainerItemProxy */ = {
			isa = PBXContainerItemProxy;
			containerPortal = 601EBF212ED7EB0800134A6B /* Project object */;
			proxyType = 1;
			remoteGlobalIDString = 601EBF632ED7EB0A00134A6B;
			remoteInfo = "CleanURL Extension (macOS)";
		};
/* End PBXContainerItemProxy section */

/* Begin PBXCopyFilesBuildPhase section */
		601EBF8D2ED7EB0A00134A6B /* Embed Foundation Extensions */ = {
			isa = PBXCopyFilesBuildPhase;
			buildActionMask = 2147483647;
			dstPath = "";
			dstSubfolderSpec = 13;
			files = (
				601EBF5B2ED7EB0A00134A6B /* CleanURL Extension.appex in Embed Foundation Extensions */,
			);
			name = "Embed Foundation Extensions";
			runOnlyForDeploymentPostprocessing = 0;
		};
		601EBF972ED7EB0A00134A6B /* Embed Foundation Extensions */ = {
			isa = PBXCopyFilesBuildPhase;
			buildActionMask = 2147483647;
			dstPath = "";
			dstSubfolderSpec = 13;
			files = (
				601EBF652ED7EB0A00134A6B /* CleanURL Extension.appex in Embed Foundation Extensions */,
			);
			name = "Embed Foundation Extensions";
			runOnlyForDeploymentPostprocessing = 0;
		};
/* End PBXCopyFilesBuildPhase section */

/* Begin PBXFileReference section */
		601EBF3D2ED7EB0A00134A6B /* CleanURL.app */ = {isa = PBXFileReference; explicitFileType = wrapper.application; includeInIndex = 0; path = CleanURL.app; sourceTree = BUILT_PRODUCTS_DIR; };
		601EBF4F2ED7EB0A00134A6B /* CleanURL.app */ = {isa = PBXFileReference; explicitFileType = wrapper.application; includeInIndex = 0; path = CleanURL.app; sourceTree = BUILT_PRODUCTS_DIR; };
		601EBF5A2ED7EB0A00134A6B /* CleanURL Extension.appex */ = {isa = PBXFileReference; explicitFileType = "wrapper.app-extension"; includeInIndex = 0; path = "CleanURL Extension.appex"; sourceTree = BUILT_PRODUCTS_DIR; };
		601EBF642ED7EB0A00134A6B /* CleanURL Extension.appex */ = {isa = PBXFileReference; explicitFileType = "wrapper.app-extension"; includeInIndex = 0; path = "CleanURL Extension.appex"; sourceTree = BUILT_PRODUCTS_DIR; };
		60C6553E2EDE976500D84570 /* LICENSE */ = {isa = PBXFileReference; lastKnownFileType = text; path = LICENSE; sourceTree = "<group>"; };
		60C6553F2EDE976500D84570 /* README.md */ = {isa = PBXFileReference; lastKnownFileType = net.daringfireball.markdown; path = README.md; sourceTree = "<group>"; };
/* End PBXFileReference section */

/* Begin PBXFileSystemSynchronizedBuildFileExceptionSet section */
		601EBF882ED7EB0A00134A6B /* Exceptions for "Shared (App)" folder in "CleanURL (iOS)" target */ = {
			isa = PBXFileSystemSynchronizedBuildFileExceptionSet;
			membershipExceptions = (
				"/Localized: Resources/Main.html",
				AppIcon.icon,
				Assets.xcassets,
				InfoPlist.xcstrings,
				"Resources/icon-dark.png",
				"Resources/icon-default.png",
				Resources/Script.js,
				Resources/Style.css,
				ViewController.swift,
			);
			target = 601EBF3C2ED7EB0A00134A6B /* CleanURL (iOS) */;
		};
		601EBF8C2ED7EB0A00134A6B /* Exceptions for "iOS (Extension)" folder in "CleanURL Extension (iOS)" target */ = {
			isa = PBXFileSystemSynchronizedBuildFileExceptionSet;
			membershipExceptions = (
				Info.plist,
			);
			target = 601EBF592ED7EB0A00134A6B /* CleanURL Extension (iOS) */;
		};
		601EBF912ED7EB0A00134A6B /* Exceptions for "iOS (App)" folder in "CleanURL (iOS)" target */ = {
			isa = PBXFileSystemSynchronizedBuildFileExceptionSet;
			membershipExceptions = (
				Info.plist,
			);
			target = 601EBF3C2ED7EB0A00134A6B /* CleanURL (iOS) */;
		};
		601EBF922ED7EB0A00134A6B /* Exceptions for "Shared (App)" folder in "CleanURL (macOS)" target */ = {
			isa = PBXFileSystemSynchronizedBuildFileExceptionSet;
			membershipExceptions = (
				"/Localized: Resources/Main.html",
				AppIcon.icon,
				Assets.xcassets,
				InfoPlist.xcstrings,
				"Resources/icon-dark.png",
				"Resources/icon-default.png",
				Resources/Script.js,
				Resources/Style.css,
				ViewController.swift,
			);
			target = 601EBF4E2ED7EB0A00134A6B /* CleanURL (macOS) */;
		};
		601EBF962ED7EB0A00134A6B /* Exceptions for "macOS (Extension)" folder in "CleanURL Extension (macOS)" target */ = {
			isa = PBXFileSystemSynchronizedBuildFileExceptionSet;
			membershipExceptions = (
				Info.plist,
			);
			target = 601EBF632ED7EB0A00134A6B /* CleanURL Extension (macOS) */;
		};
		601EBF9B2ED7EB0A00134A6B /* Exceptions for "Shared (Extension)" folder in "CleanURL Extension (iOS)" target */ = {
			isa = PBXFileSystemSynchronizedBuildFileExceptionSet;
			membershipExceptions = (
				Resources/_locales,
				Resources/background.js,
				Resources/cleanurl.js,
				Resources/content.js,
				Resources/images,
				Resources/manifest.json,
				SafariWebExtensionHandler.swift,
			);
			target = 601EBF592ED7EB0A00134A6B /* CleanURL Extension (iOS) */;
		};
		601EBF9C2ED7EB0A00134A6B /* Exceptions for "Shared (Extension)" folder in "CleanURL Extension (macOS)" target */ = {
			isa = PBXFileSystemSynchronizedBuildFileExceptionSet;
			membershipExceptions = (
				Resources/_locales,
				Resources/background.js,
				Resources/cleanurl.js,
				Resources/content.js,
				Resources/images,
				Resources/manifest.json,
				SafariWebExtensionHandler.swift,
			);
			target = 601EBF632ED7EB0A00134A6B /* CleanURL Extension (macOS) */;
		};
/* End PBXFileSystemSynchronizedBuildFileExceptionSet section */

/* Begin PBXFileSystemSynchronizedRootGroup section */
		601EBF252ED7EB0800134A6B /* Shared (App) */ = {
			isa = PBXFileSystemSynchronizedRootGroup;
			exceptions = (
				601EBF882ED7EB0A00134A6B /* Exceptions for "Shared (App)" folder in "CleanURL (iOS)" target */,
				601EBF922ED7EB0A00134A6B /* Exceptions for "Shared (App)" folder in "CleanURL (macOS)" target */,
			);
			path = "Shared (App)";
			sourceTree = "<group>";
		};
		601EBF2E2ED7EB0A00134A6B /* Shared (Extension) */ = {
			isa = PBXFileSystemSynchronizedRootGroup;
			exceptions = (
				601EBF9B2ED7EB0A00134A6B /* Exceptions for "Shared (Extension)" folder in "CleanURL Extension (iOS)" target */,
				601EBF9C2ED7EB0A00134A6B /* Exceptions for "Shared (Extension)" folder in "CleanURL Extension (macOS)" target */,
			);
			explicitFolders = (
				Resources/_locales,
				Resources/images,
			);
			path = "Shared (Extension)";
			sourceTree = "<group>";
		};
		601EBF3F2ED7EB0A00134A6B /* iOS (App) */ = {
			isa = PBXFileSystemSynchronizedRootGroup;
			exceptions = (
				601EBF912ED7EB0A00134A6B /* Exceptions for "iOS (App)" folder in "CleanURL (iOS)" target */,
			);
			path = "iOS (App)";
			sourceTree = "<group>";
		};
		601EBF502ED7EB0A00134A6B /* macOS (App) */ = {
			isa = PBXFileSystemSynchronizedRootGroup;
			path = "macOS (App)";
			sourceTree = "<group>";
		};
		601EBF5E2ED7EB0A00134A6B /* iOS (Extension) */ = {
			isa = PBXFileSystemSynchronizedRootGroup;
			exceptions = (
				601EBF8C2ED7EB0A00134A6B /* Exceptions for "iOS (Extension)" folder in "CleanURL Extension (iOS)" target */,
			);
			path = "iOS (Extension)";
			sourceTree = "<group>";
		};
		601EBF682ED7EB0A00134A6B /* macOS (Extension) */ = {
			isa = PBXFileSystemSynchronizedRootGroup;
			exceptions = (
				601EBF962ED7EB0A00134A6B /* Exceptions for "macOS (Extension)" folder in "CleanURL Extension (macOS)" target */,
			);
			path = "macOS (Extension)";
			sourceTree = "<group>";
		};
/* End PBXFileSystemSynchronizedRootGroup section */

/* Begin PBXFrameworksBuildPhase section */
		601EBF3A2ED7EB0A00134A6B /* Frameworks */ = {
			isa = PBXFrameworksBuildPhase;
			buildActionMask = 2147483647;
			files = (
			);
			runOnlyForDeploymentPostprocessing = 0;
		};
		601EBF4C2ED7EB0A00134A6B /* Frameworks */ = {
			isa = PBXFrameworksBuildPhase;
			buildActionMask = 2147483647;
			files = (
			);
			runOnlyForDeploymentPostprocessing = 0;
		};
		601EBF572ED7EB0A00134A6B /* Frameworks */ = {
			isa = PBXFrameworksBuildPhase;
			buildActionMask = 2147483647;
			files = (
			);
			runOnlyForDeploymentPostprocessing = 0;
		};
		601EBF612ED7EB0A00134A6B /* Frameworks */ = {
			isa = PBXFrameworksBuildPhase;
			buildActionMask = 2147483647;
			files = (
			);
			runOnlyForDeploymentPostprocessing = 0;
		};
/* End PBXFrameworksBuildPhase section */

/* Begin PBXGroup section */
		601EBF202ED7EB0800134A6B = {
			isa = PBXGroup;
			children = (
				60C6553E2EDE976500D84570 /* LICENSE */,
				60C6553F2EDE976500D84570 /* README.md */,
				601EBF252ED7EB0800134A6B /* Shared (App) */,
				601EBF2E2ED7EB0A00134A6B /* Shared (Extension) */,
				601EBF3F2ED7EB0A00134A6B /* iOS (App) */,
				601EBF502ED7EB0A00134A6B /* macOS (App) */,
				601EBF5E2ED7EB0A00134A6B /* iOS (Extension) */,
				601EBF682ED7EB0A00134A6B /* macOS (Extension) */,
				601EBF3E2ED7EB0A00134A6B /* Products */,
			);
			sourceTree = "<group>";
		};
		601EBF3E2ED7EB0A00134A6B /* Products */ = {
			isa = PBXGroup;
			children = (
				601EBF3D2ED7EB0A00134A6B /* CleanURL.app */,
				601EBF4F2ED7EB0A00134A6B /* CleanURL.app */,
				601EBF5A2ED7EB0A00134A6B /* CleanURL Extension.appex */,
				601EBF642ED7EB0A00134A6B /* CleanURL Extension.appex */,
			);
			name = Products;
			sourceTree = "<group>";
		};
/* End PBXGroup section */

/* Begin PBXNativeTarget section */
		601EBF3C2ED7EB0A00134A6B /* CleanURL (iOS) */ = {
			isa = PBXNativeTarget;
			buildConfigurationList = 601EBF8E2ED7EB0A00134A6B /* Build configuration list for PBXNativeTarget "CleanURL (iOS)" */;
			buildPhases = (
				601EBF392ED7EB0A00134A6B /* Sources */,
				601EBF3A2ED7EB0A00134A6B /* Frameworks */,
				601EBF3B2ED7EB0A00134A6B /* Resources */,
				601EBF8D2ED7EB0A00134A6B /* Embed Foundation Extensions */,
			);
			buildRules = (
			);
			dependencies = (
				601EBF5D2ED7EB0A00134A6B /* PBXTargetDependency */,
			);
			fileSystemSynchronizedGroups = (
				601EBF3F2ED7EB0A00134A6B /* iOS (App) */,
			);
			name = "CleanURL (iOS)";
			packageProductDependencies = (
			);
			productName = "CleanURL (iOS)";
			productReference = 601EBF3D2ED7EB0A00134A6B /* CleanURL.app */;
			productType = "com.apple.product-type.application";
		};
		601EBF4E2ED7EB0A00134A6B /* CleanURL (macOS) */ = {
			isa = PBXNativeTarget;
			buildConfigurationList = 601EBF982ED7EB0A00134A6B /* Build configuration list for PBXNativeTarget "CleanURL (macOS)" */;
			buildPhases = (
				601EBF4B2ED7EB0A00134A6B /* Sources */,
				601EBF4C2ED7EB0A00134A6B /* Frameworks */,
				601EBF4D2ED7EB0A00134A6B /* Resources */,
				601EBF972ED7EB0A00134A6B /* Embed Foundation Extensions */,
			);
			buildRules = (
			);
			dependencies = (
				601EBF672ED7EB0A00134A6B /* PBXTargetDependency */,
			);
			fileSystemSynchronizedGroups = (
				601EBF502ED7EB0A00134A6B /* macOS (App) */,
			);
			name = "CleanURL (macOS)";
			packageProductDependencies = (
			);
			productName = "CleanURL (macOS)";
			productReference = 601EBF4F2ED7EB0A00134A6B /* CleanURL.app */;
			productType = "com.apple.product-type.application";
		};
		601EBF592ED7EB0A00134A6B /* CleanURL Extension (iOS) */ = {
			isa = PBXNativeTarget;
			buildConfigurationList = 601EBF892ED7EB0A00134A6B /* Build configuration list for PBXNativeTarget "CleanURL Extension (iOS)" */;
			buildPhases = (
				601EBF562ED7EB0A00134A6B /* Sources */,
				601EBF572ED7EB0A00134A6B /* Frameworks */,
				601EBF582ED7EB0A00134A6B /* Resources */,
			);
			buildRules = (
			);
			dependencies = (
			);
			fileSystemSynchronizedGroups = (
				601EBF5E2ED7EB0A00134A6B /* iOS (Extension) */,
			);
			name = "CleanURL Extension (iOS)";
			packageProductDependencies = (
			);
			productName = "CleanURL Extension (iOS)";
			productReference = 601EBF5A2ED7EB0A00134A6B /* CleanURL Extension.appex */;
			productType = "com.apple.product-type.app-extension";
		};
		601EBF632ED7EB0A00134A6B /* CleanURL Extension (macOS) */ = {
			isa = PBXNativeTarget;
			buildConfigurationList = 601EBF932ED7EB0A00134A6B /* Build configuration list for PBXNativeTarget "CleanURL Extension (macOS)" */;
			buildPhases = (
				601EBF602ED7EB0A00134A6B /* Sources */,
				601EBF612ED7EB0A00134A6B /* Frameworks */,
				601EBF622ED7EB0A00134A6B /* Resources */,
			);
			buildRules = (
			);
			dependencies = (
			);
			fileSystemSynchronizedGroups = (
				601EBF682ED7EB0A00134A6B /* macOS (Extension) */,
			);
			name = "CleanURL Extension (macOS)";
			packageProductDependencies = (
			);
			productName = "CleanURL Extension (macOS)";
			productReference = 601EBF642ED7EB0A00134A6B /* CleanURL Extension.appex */;
			productType = "com.apple.product-type.app-extension";
		};
/* End PBXNativeTarget section */

/* Begin PBXProject section */
		601EBF212ED7EB0800134A6B /* Project object */ = {
			isa = PBXProject;
			attributes = {
				BuildIndependentTargetsInParallel = 1;
				LastSwiftUpdateCheck = 2610;
				LastUpgradeCheck = 2610;
				TargetAttributes = {
					601EBF3C2ED7EB0A00134A6B = {
						CreatedOnToolsVersion = 26.1.1;
					};
					601EBF4E2ED7EB0A00134A6B = {
						CreatedOnToolsVersion = 26.1.1;
					};
					601EBF592ED7EB0A00134A6B = {
						CreatedOnToolsVersion = 26.1.1;
					};
					601EBF632ED7EB0A00134A6B = {
						CreatedOnToolsVersion = 26.1.1;
					};
				};
			};
			buildConfigurationList = 601EBF242ED7EB0800134A6B /* Build configuration list for PBXProject "CleanURL" */;
			developmentRegion = en;
			hasScannedForEncodings = 0;
			knownRegions = (
				en,
				Base,
				ar,
				ca,
				"zh-HK",
				"zh-Hant",
				"zh-Hans",
				hr,
				cs,
				da,
				nl,
				"en-AU",
				"en-GB",
				"en-CA",
				fi,
				fr,
				"fr-CA",
				de,
				el,
				he,
				hi,
				hu,
				id,
				it,
				ja,
				ko,
				ms,
				nb,
				pl,
				"pt-BR",
				"pt-PT",
				ro,
				ru,
				sk,
				es,
				"es-MX",
				sv,
				th,
				tr,
				uk,
				vi,
			);
			mainGroup = 601EBF202ED7EB0800134A6B;
			minimizedProjectReferenceProxies = 1;
			preferredProjectObjectVersion = 77;
			productRefGroup = 601EBF3E2ED7EB0A00134A6B /* Products */;
			projectDirPath = "";
			projectRoot = "";
			targets = (
				601EBF3C2ED7EB0A00134A6B /* CleanURL (iOS) */,
				601EBF4E2ED7EB0A00134A6B /* CleanURL (macOS) */,
				601EBF592ED7EB0A00134A6B /* CleanURL Extension (iOS) */,
				601EBF632ED7EB0A00134A6B /* CleanURL Extension (macOS) */,
			);
		};
/* End PBXProject section */

/* Begin PBXResourcesBuildPhase section */
		601EBF3B2ED7EB0A00134A6B /* Resources */ = {
			isa = PBXResourcesBuildPhase;
			buildActionMask = 2147483647;
			files = (
			);
			runOnlyForDeploymentPostprocessing = 0;
		};
		601EBF4D2ED7EB0A00134A6B /* Resources */ = {
			isa = PBXResourcesBuildPhase;
			buildActionMask = 2147483647;
			files = (
			);
			runOnlyForDeploymentPostprocessing = 0;
		};
		601EBF582ED7EB0A00134A6B /* Resources */ = {
			isa = PBXResourcesBuildPhase;
			buildActionMask = 2147483647;
			files = (
			);
			runOnlyForDeploymentPostprocessing = 0;
		};
		601EBF622ED7EB0A00134A6B /* Resources */ = {
			isa = PBXResourcesBuildPhase;
			buildActionMask = 2147483647;
			files = (
			);
			runOnlyForDeploymentPostprocessing = 0;
		};
/* End PBXResourcesBuildPhase section */

/* Begin PBXSourcesBuildPhase section */
		601EBF392ED7EB0A00134A6B /* Sources */ = {
			isa = PBXSourcesBuildPhase;
			buildActionMask = 2147483647;
			files = (
			);
			runOnlyForDeploymentPostprocessing = 0;
		};
		601EBF4B2ED7EB0A00134A6B /* Sources */ = {
			isa = PBXSourcesBuildPhase;
			buildActionMask = 2147483647;
			files = (
			);
			runOnlyForDeploymentPostprocessing = 0;
		};
		601EBF562ED7EB0A00134A6B /* Sources */ = {
			isa = PBXSourcesBuildPhase;
			buildActionMask = 2147483647;
			files = (
			);
			runOnlyForDeploymentPostprocessing = 0;
		};
		601EBF602ED7EB0A00134A6B /* Sources */ = {
			isa = PBXSourcesBuildPhase;
			buildActionMask = 2147483647;
			files = (
			);
			runOnlyForDeploymentPostprocessing = 0;
		};
/* End PBXSourcesBuildPhase section */

/* Begin PBXTargetDependency section */
		601EBF5D2ED7EB0A00134A6B /* PBXTargetDependency */ = {
			isa = PBXTargetDependency;
			target = 601EBF592ED7EB0A00134A6B /* CleanURL Extension (iOS) */;
			targetProxy = 601EBF5C2ED7EB0A00134A6B /* PBXContainerItemProxy */;
		};
		601EBF672ED7EB0A00134A6B /* PBXTargetDependency */ = {
			isa = PBXTargetDependency;
			target = 601EBF632ED7EB0A00134A6B /* CleanURL Extension (macOS) */;
			targetProxy = 601EBF662ED7EB0A00134A6B /* PBXContainerItemProxy */;
		};
/* End PBXTargetDependency section */

/* Begin XCBuildConfiguration section */
		601EBF8A2ED7EB0A00134A6B /* Debug */ = {
			isa = XCBuildConfiguration;
			buildSettings = {
				CODE_SIGN_STYLE = Automatic;
				CURRENT_PROJECT_VERSION = 1;
				DEVELOPMENT_TEAM = R3F5JGKA7W;
				GENERATE_INFOPLIST_FILE = YES;
				INFOPLIST_FILE = "iOS (Extension)/Info.plist";
				INFOPLIST_KEY_CFBundleDisplayName = "CleanURL Extension";
				INFOPLIST_KEY_NSHumanReadableCopyright = "";
				IPHONEOS_DEPLOYMENT_TARGET = 15.0;
				LD_RUNPATH_SEARCH_PATHS = (
					"$(inherited)",
					"@executable_path/Frameworks",
					"@executable_path/../../Frameworks",
				);
				MARKETING_VERSION = 1.0;
				OTHER_LDFLAGS = (
					"-framework",
					SafariServices,
				);
				PRODUCT_BUNDLE_IDENTIFIER = com.hkitago.CleanURL.Extension;
				PRODUCT_NAME = "CleanURL Extension";
				SDKROOT = iphoneos;
				SKIP_INSTALL = YES;
				STRING_CATALOG_GENERATE_SYMBOLS = YES;
				SWIFT_APPROACHABLE_CONCURRENCY = YES;
				SWIFT_EMIT_LOC_STRINGS = YES;
				SWIFT_UPCOMING_FEATURE_MEMBER_IMPORT_VISIBILITY = YES;
				SWIFT_VERSION = 5.0;
				TARGETED_DEVICE_FAMILY = "1,2";
			};
			name = Debug;
		};
		601EBF8B2ED7EB0A00134A6B /* Release */ = {
			isa = XCBuildConfiguration;
			buildSettings = {
				CODE_SIGN_STYLE = Automatic;
				CURRENT_PROJECT_VERSION = 1;
				DEVELOPMENT_TEAM = R3F5JGKA7W;
				GENERATE_INFOPLIST_FILE = YES;
				INFOPLIST_FILE = "iOS (Extension)/Info.plist";
				INFOPLIST_KEY_CFBundleDisplayName = "CleanURL Extension";
				INFOPLIST_KEY_NSHumanReadableCopyright = "";
				IPHONEOS_DEPLOYMENT_TARGET = 15.0;
				LD_RUNPATH_SEARCH_PATHS = (
					"$(inherited)",
					"@executable_path/Frameworks",
					"@executable_path/../../Frameworks",
				);
				MARKETING_VERSION = 1.0;
				OTHER_LDFLAGS = (
					"-framework",
					SafariServices,
				);
				PRODUCT_BUNDLE_IDENTIFIER = com.hkitago.CleanURL.Extension;
				PRODUCT_NAME = "CleanURL Extension";
				SDKROOT = iphoneos;
				SKIP_INSTALL = YES;
				STRING_CATALOG_GENERATE_SYMBOLS = YES;
				SWIFT_APPROACHABLE_CONCURRENCY = YES;
				SWIFT_EMIT_LOC_STRINGS = YES;
				SWIFT_UPCOMING_FEATURE_MEMBER_IMPORT_VISIBILITY = YES;
				SWIFT_VERSION = 5.0;
				TARGETED_DEVICE_FAMILY = "1,2";
				VALIDATE_PRODUCT = YES;
			};
			name = Release;
		};
		601EBF8F2ED7EB0A00134A6B /* Debug */ = {
			isa = XCBuildConfiguration;
			buildSettings = {
				ASSETCATALOG_COMPILER_APPICON_NAME = AppIcon;
				ASSETCATALOG_COMPILER_GLOBAL_ACCENT_COLOR_NAME = AccentColor;
				ASSETCATALOG_COMPILER_INCLUDE_ALL_APPICON_ASSETS = YES;
				CODE_SIGN_STYLE = Automatic;
				CURRENT_PROJECT_VERSION = 1;
				DEVELOPMENT_TEAM = R3F5JGKA7W;
				GENERATE_INFOPLIST_FILE = YES;
				INFOPLIST_FILE = "iOS (App)/Info.plist";
				INFOPLIST_KEY_CFBundleDisplayName = CleanURL;
				INFOPLIST_KEY_LSApplicationCategoryType = "public.app-category.utilities";
				INFOPLIST_KEY_UIApplicationSupportsIndirectInputEvents = YES;
				INFOPLIST_KEY_UILaunchStoryboardName = LaunchScreen;
				INFOPLIST_KEY_UIMainStoryboardFile = Main;
				INFOPLIST_KEY_UISupportedInterfaceOrientations = "UIInterfaceOrientationPortrait UIInterfaceOrientationLandscapeLeft UIInterfaceOrientationLandscapeRight";
				INFOPLIST_KEY_UISupportedInterfaceOrientations_iPad = "UIInterfaceOrientationPortrait UIInterfaceOrientationPortraitUpsideDown UIInterfaceOrientationLandscapeLeft UIInterfaceOrientationLandscapeRight";
				IPHONEOS_DEPLOYMENT_TARGET = 15.0;
				LD_RUNPATH_SEARCH_PATHS = (
					"$(inherited)",
					"@executable_path/Frameworks",
				);
				MARKETING_VERSION = 1.0;
				OTHER_LDFLAGS = (
					"-framework",
					SafariServices,
					"-framework",
					WebKit,
				);
				PRODUCT_BUNDLE_IDENTIFIER = com.hkitago.CleanURL;
				PRODUCT_NAME = CleanURL;
				SDKROOT = iphoneos;
				STRING_CATALOG_GENERATE_SYMBOLS = YES;
				SWIFT_APPROACHABLE_CONCURRENCY = YES;
				SWIFT_DEFAULT_ACTOR_ISOLATION = MainActor;
				SWIFT_EMIT_LOC_STRINGS = YES;
				SWIFT_UPCOMING_FEATURE_MEMBER_IMPORT_VISIBILITY = YES;
				SWIFT_VERSION = 5.0;
				TARGETED_DEVICE_FAMILY = "1,2";
			};
			name = Debug;
		};
		601EBF902ED7EB0A00134A6B /* Release */ = {
			isa = XCBuildConfiguration;
			buildSettings = {
				ASSETCATALOG_COMPILER_APPICON_NAME = AppIcon;
				ASSETCATALOG_COMPILER_GLOBAL_ACCENT_COLOR_NAME = AccentColor;
				ASSETCATALOG_COMPILER_INCLUDE_ALL_APPICON_ASSETS = YES;
				CODE_SIGN_STYLE = Automatic;
				CURRENT_PROJECT_VERSION = 1;
				DEVELOPMENT_TEAM = R3F5JGKA7W;
				GENERATE_INFOPLIST_FILE = YES;
				INFOPLIST_FILE = "iOS (App)/Info.plist";
				INFOPLIST_KEY_CFBundleDisplayName = CleanURL;
				INFOPLIST_KEY_LSApplicationCategoryType = "public.app-category.utilities";
				INFOPLIST_KEY_UIApplicationSupportsIndirectInputEvents = YES;
				INFOPLIST_KEY_UILaunchStoryboardName = LaunchScreen;
				INFOPLIST_KEY_UIMainStoryboardFile = Main;
				INFOPLIST_KEY_UISupportedInterfaceOrientations = "UIInterfaceOrientationPortrait UIInterfaceOrientationLandscapeLeft UIInterfaceOrientationLandscapeRight";
				INFOPLIST_KEY_UISupportedInterfaceOrientations_iPad = "UIInterfaceOrientationPortrait UIInterfaceOrientationPortraitUpsideDown UIInterfaceOrientationLandscapeLeft UIInterfaceOrientationLandscapeRight";
				IPHONEOS_DEPLOYMENT_TARGET = 15.0;
				LD_RUNPATH_SEARCH_PATHS = (
					"$(inherited)",
					"@executable_path/Frameworks",
				);
				MARKETING_VERSION = 1.0;
				OTHER_LDFLAGS = (
					"-framework",
					SafariServices,
					"-framework",
					WebKit,
				);
				PRODUCT_BUNDLE_IDENTIFIER = com.hkitago.CleanURL;
				PRODUCT_NAME = CleanURL;
				SDKROOT = iphoneos;
				STRING_CATALOG_GENERATE_SYMBOLS = YES;
				SWIFT_APPROACHABLE_CONCURRENCY = YES;
				SWIFT_DEFAULT_ACTOR_ISOLATION = MainActor;
				SWIFT_EMIT_LOC_STRINGS = YES;
				SWIFT_UPCOMING_FEATURE_MEMBER_IMPORT_VISIBILITY = YES;
				SWIFT_VERSION = 5.0;
				TARGETED_DEVICE_FAMILY = "1,2";
				VALIDATE_PRODUCT = YES;
			};
			name = Release;
		};
		601EBF942ED7EB0A00134A6B /* Debug */ = {
			isa = XCBuildConfiguration;
			buildSettings = {
				CODE_SIGN_STYLE = Automatic;
				CURRENT_PROJECT_VERSION = 1;
				DEVELOPMENT_TEAM = R3F5JGKA7W;
				ENABLE_APP_SANDBOX = YES;
				ENABLE_HARDENED_RUNTIME = YES;
				ENABLE_USER_SELECTED_FILES = readonly;
				GENERATE_INFOPLIST_FILE = YES;
				INFOPLIST_FILE = "macOS (Extension)/Info.plist";
				INFOPLIST_KEY_CFBundleDisplayName = "CleanURL Extension";
				INFOPLIST_KEY_NSHumanReadableCopyright = "";
				LD_RUNPATH_SEARCH_PATHS = (
					"$(inherited)",
					"@executable_path/../Frameworks",
					"@executable_path/../../../../Frameworks",
				);
				MACOSX_DEPLOYMENT_TARGET = 10.14;
				MARKETING_VERSION = 1.0;
				OTHER_LDFLAGS = (
					"-framework",
					SafariServices,
				);
				PRODUCT_BUNDLE_IDENTIFIER = com.hkitago.CleanURL.Extension;
				PRODUCT_NAME = "CleanURL Extension";
				SDKROOT = macosx;
				SKIP_INSTALL = YES;
				STRING_CATALOG_GENERATE_SYMBOLS = YES;
				SWIFT_APPROACHABLE_CONCURRENCY = YES;
				SWIFT_EMIT_LOC_STRINGS = YES;
				SWIFT_UPCOMING_FEATURE_MEMBER_IMPORT_VISIBILITY = YES;
				SWIFT_VERSION = 5.0;
			};
			name = Debug;
		};
		601EBF952ED7EB0A00134A6B /* Release */ = {
			isa = XCBuildConfiguration;
			buildSettings = {
				CODE_SIGN_STYLE = Automatic;
				CURRENT_PROJECT_VERSION = 1;
				DEVELOPMENT_TEAM = R3F5JGKA7W;
				ENABLE_APP_SANDBOX = YES;
				ENABLE_HARDENED_RUNTIME = YES;
				ENABLE_USER_SELECTED_FILES = readonly;
				GENERATE_INFOPLIST_FILE = YES;
				INFOPLIST_FILE = "macOS (Extension)/Info.plist";
				INFOPLIST_KEY_CFBundleDisplayName = "CleanURL Extension";
				INFOPLIST_KEY_NSHumanReadableCopyright = "";
				LD_RUNPATH_SEARCH_PATHS = (
					"$(inherited)",
					"@executable_path/../Frameworks",
					"@executable_path/../../../../Frameworks",
				);
				MACOSX_DEPLOYMENT_TARGET = 10.14;
				MARKETING_VERSION = 1.0;
				OTHER_LDFLAGS = (
					"-framework",
					SafariServices,
				);
				PRODUCT_BUNDLE_IDENTIFIER = com.hkitago.CleanURL.Extension;
				PRODUCT_NAME = "CleanURL Extension";
				SDKROOT = macosx;
				SKIP_INSTALL = YES;
				STRING_CATALOG_GENERATE_SYMBOLS = YES;
				SWIFT_APPROACHABLE_CONCURRENCY = YES;
				SWIFT_EMIT_LOC_STRINGS = YES;
				SWIFT_UPCOMING_FEATURE_MEMBER_IMPORT_VISIBILITY = YES;
				SWIFT_VERSION = 5.0;
			};
			name = Release;
		};
		601EBF992ED7EB0A00134A6B /* Debug */ = {
			isa = XCBuildConfiguration;
			buildSettings = {
				ASSETCATALOG_COMPILER_APPICON_NAME = AppIcon;
				ASSETCATALOG_COMPILER_GLOBAL_ACCENT_COLOR_NAME = AccentColor;
				ASSETCATALOG_COMPILER_INCLUDE_ALL_APPICON_ASSETS = YES;
				CODE_SIGN_STYLE = Automatic;
				CURRENT_PROJECT_VERSION = 1;
				DEVELOPMENT_TEAM = R3F5JGKA7W;
				ENABLE_APP_SANDBOX = YES;
				ENABLE_HARDENED_RUNTIME = YES;
				ENABLE_OUTGOING_NETWORK_CONNECTIONS = YES;
				ENABLE_USER_SELECTED_FILES = readonly;
				GENERATE_INFOPLIST_FILE = YES;
				INFOPLIST_KEY_CFBundleDisplayName = CleanURL;
				INFOPLIST_KEY_LSApplicationCategoryType = "public.app-category.utilities";
				INFOPLIST_KEY_NSMainStoryboardFile = Main;
				INFOPLIST_KEY_NSPrincipalClass = NSApplication;
				LD_RUNPATH_SEARCH_PATHS = (
					"$(inherited)",
					"@executable_path/../Frameworks",
				);
				MACOSX_DEPLOYMENT_TARGET = 10.14;
				MARKETING_VERSION = 1.0;
				OTHER_LDFLAGS = (
					"-framework",
					SafariServices,
					"-framework",
					WebKit,
				);
				PRODUCT_BUNDLE_IDENTIFIER = com.hkitago.CleanURL;
				PRODUCT_NAME = CleanURL;
				REGISTER_APP_GROUPS = YES;
				SDKROOT = macosx;
				STRING_CATALOG_GENERATE_SYMBOLS = YES;
				SWIFT_APPROACHABLE_CONCURRENCY = YES;
				SWIFT_DEFAULT_ACTOR_ISOLATION = MainActor;
				SWIFT_EMIT_LOC_STRINGS = YES;
				SWIFT_UPCOMING_FEATURE_MEMBER_IMPORT_VISIBILITY = YES;
				SWIFT_VERSION = 5.0;
			};
			name = Debug;
		};
		601EBF9A2ED7EB0A00134A6B /* Release */ = {
			isa = XCBuildConfiguration;
			buildSettings = {
				ASSETCATALOG_COMPILER_APPICON_NAME = AppIcon;
				ASSETCATALOG_COMPILER_GLOBAL_ACCENT_COLOR_NAME = AccentColor;
				ASSETCATALOG_COMPILER_INCLUDE_ALL_APPICON_ASSETS = YES;
				CODE_SIGN_STYLE = Automatic;
				CURRENT_PROJECT_VERSION = 1;
				DEVELOPMENT_TEAM = R3F5JGKA7W;
				ENABLE_APP_SANDBOX = YES;
				ENABLE_HARDENED_RUNTIME = YES;
				ENABLE_OUTGOING_NETWORK_CONNECTIONS = YES;
				ENABLE_USER_SELECTED_FILES = readonly;
				GENERATE_INFOPLIST_FILE = YES;
				INFOPLIST_KEY_CFBundleDisplayName = CleanURL;
				INFOPLIST_KEY_LSApplicationCategoryType = "public.app-category.utilities";
				INFOPLIST_KEY_NSMainStoryboardFile = Main;
				INFOPLIST_KEY_NSPrincipalClass = NSApplication;
				LD_RUNPATH_SEARCH_PATHS = (
					"$(inherited)",
					"@executable_path/../Frameworks",
				);
				MACOSX_DEPLOYMENT_TARGET = 10.14;
				MARKETING_VERSION = 1.0;
				OTHER_LDFLAGS = (
					"-framework",
					SafariServices,
					"-framework",
					WebKit,
				);
				PRODUCT_BUNDLE_IDENTIFIER = com.hkitago.CleanURL;
				PRODUCT_NAME = CleanURL;
				REGISTER_APP_GROUPS = YES;
				SDKROOT = macosx;
				STRING_CATALOG_GENERATE_SYMBOLS = YES;
				SWIFT_APPROACHABLE_CONCURRENCY = YES;
				SWIFT_DEFAULT_ACTOR_ISOLATION = MainActor;
				SWIFT_EMIT_LOC_STRINGS = YES;
				SWIFT_UPCOMING_FEATURE_MEMBER_IMPORT_VISIBILITY = YES;
				SWIFT_VERSION = 5.0;
			};
			name = Release;
		};
		601EBF9D2ED7EB0A00134A6B /* Debug */ = {
			isa = XCBuildConfiguration;
			buildSettings = {
				ALWAYS_SEARCH_USER_PATHS = NO;
				ASSETCATALOG_COMPILER_GENERATE_SWIFT_ASSET_SYMBOL_EXTENSIONS = YES;
				CLANG_ANALYZER_NONNULL = YES;
				CLANG_ANALYZER_NUMBER_OBJECT_CONVERSION = YES_AGGRESSIVE;
				CLANG_CXX_LANGUAGE_STANDARD = "gnu++20";
				CLANG_ENABLE_MODULES = YES;
				CLANG_ENABLE_OBJC_ARC = YES;
				CLANG_ENABLE_OBJC_WEAK = YES;
				CLANG_WARN_BLOCK_CAPTURE_AUTORELEASING = YES;
				CLANG_WARN_BOOL_CONVERSION = YES;
				CLANG_WARN_COMMA = YES;
				CLANG_WARN_CONSTANT_CONVERSION = YES;
				CLANG_WARN_DEPRECATED_OBJC_IMPLEMENTATIONS = YES;
				CLANG_WARN_DIRECT_OBJC_ISA_USAGE = YES_ERROR;
				CLANG_WARN_DOCUMENTATION_COMMENTS = YES;
				CLANG_WARN_EMPTY_BODY = YES;
				CLANG_WARN_ENUM_CONVERSION = YES;
				CLANG_WARN_INFINITE_RECURSION = YES;
				CLANG_WARN_INT_CONVERSION = YES;
				CLANG_WARN_NON_LITERAL_NULL_CONVERSION = YES;
				CLANG_WARN_OBJC_IMPLICIT_RETAIN_SELF = YES;
				CLANG_WARN_OBJC_LITERAL_CONVERSION = YES;
				CLANG_WARN_OBJC_ROOT_CLASS = YES_ERROR;
				CLANG_WARN_QUOTED_INCLUDE_IN_FRAMEWORK_HEADER = YES;
				CLANG_WARN_RANGE_LOOP_ANALYSIS = YES;
				CLANG_WARN_STRICT_PROTOTYPES = YES;
				CLANG_WARN_SUSPICIOUS_MOVE = YES;
				CLANG_WARN_UNGUARDED_AVAILABILITY = YES_AGGRESSIVE;
				CLANG_WARN_UNREACHABLE_CODE = YES;
				CLANG_WARN__DUPLICATE_METHOD_MATCH = YES;
				COPY_PHASE_STRIP = NO;
				DEBUG_INFORMATION_FORMAT = dwarf;
				DEVELOPMENT_TEAM = R3F5JGKA7W;
				ENABLE_STRICT_OBJC_MSGSEND = YES;
				ENABLE_TESTABILITY = YES;
				ENABLE_USER_SCRIPT_SANDBOXING = YES;
				GCC_C_LANGUAGE_STANDARD = gnu17;
				GCC_DYNAMIC_NO_PIC = NO;
				GCC_NO_COMMON_BLOCKS = YES;
				GCC_OPTIMIZATION_LEVEL = 0;
				GCC_PREPROCESSOR_DEFINITIONS = (
					"DEBUG=1",
					"$(inherited)",
				);
				GCC_WARN_64_TO_32_BIT_CONVERSION = YES;
				GCC_WARN_ABOUT_RETURN_TYPE = YES_ERROR;
				GCC_WARN_UNDECLARED_SELECTOR = YES;
				GCC_WARN_UNINITIALIZED_AUTOS = YES_AGGRESSIVE;
				GCC_WARN_UNUSED_FUNCTION = YES;
				GCC_WARN_UNUSED_VARIABLE = YES;
				LOCALIZATION_PREFERS_STRING_CATALOGS = YES;
				MTL_ENABLE_DEBUG_INFO = INCLUDE_SOURCE;
				MTL_FAST_MATH = YES;
				ONLY_ACTIVE_ARCH = YES;
				SWIFT_ACTIVE_COMPILATION_CONDITIONS = "DEBUG $(inherited)";
				SWIFT_EMIT_LOC_STRINGS = YES;
				SWIFT_OPTIMIZATION_LEVEL = "-Onone";
			};
			name = Debug;
		};
		601EBF9E2ED7EB0A00134A6B /* Release */ = {
			isa = XCBuildConfiguration;
			buildSettings = {
				ALWAYS_SEARCH_USER_PATHS = NO;
				ASSETCATALOG_COMPILER_GENERATE_SWIFT_ASSET_SYMBOL_EXTENSIONS = YES;
				CLANG_ANALYZER_NONNULL = YES;
				CLANG_ANALYZER_NUMBER_OBJECT_CONVERSION = YES_AGGRESSIVE;
				CLANG_CXX_LANGUAGE_STANDARD = "gnu++20";
				CLANG_ENABLE_MODULES = YES;
				CLANG_ENABLE_OBJC_ARC = YES;
				CLANG_ENABLE_OBJC_WEAK = YES;
				CLANG_WARN_BLOCK_CAPTURE_AUTORELEASING = YES;
				CLANG_WARN_BOOL_CONVERSION = YES;
				CLANG_WARN_COMMA = YES;
				CLANG_WARN_CONSTANT_CONVERSION = YES;
				CLANG_WARN_DEPRECATED_OBJC_IMPLEMENTATIONS = YES;
				CLANG_WARN_DIRECT_OBJC_ISA_USAGE = YES_ERROR;
				CLANG_WARN_DOCUMENTATION_COMMENTS = YES;
				CLANG_WARN_EMPTY_BODY = YES;
				CLANG_WARN_ENUM_CONVERSION = YES;
				CLANG_WARN_INFINITE_RECURSION = YES;
				CLANG_WARN_INT_CONVERSION = YES;
				CLANG_WARN_NON_LITERAL_NULL_CONVERSION = YES;
				CLANG_WARN_OBJC_IMPLICIT_RETAIN_SELF = YES;
				CLANG_WARN_OBJC_LITERAL_CONVERSION = YES;
				CLANG_WARN_OBJC_ROOT_CLASS = YES_ERROR;
				CLANG_WARN_QUOTED_INCLUDE_IN_FRAMEWORK_HEADER = YES;
				CLANG_WARN_RANGE_LOOP_ANALYSIS = YES;
				CLANG_WARN_STRICT_PROTOTYPES = YES;
				CLANG_WARN_SUSPICIOUS_MOVE = YES;
				CLANG_WARN_UNGUARDED_AVAILABILITY = YES_AGGRESSIVE;
				CLANG_WARN_UNREACHABLE_CODE = YES;
				CLANG_WARN__DUPLICATE_METHOD_MATCH = YES;
				COPY_PHASE_STRIP = NO;
				DEBUG_INFORMATION_FORMAT = "dwarf-with-dsym";
				DEVELOPMENT_TEAM = R3F5JGKA7W;
				ENABLE_NS_ASSERTIONS = NO;
				ENABLE_STRICT_OBJC_MSGSEND = YES;
				ENABLE_USER_SCRIPT_SANDBOXING = YES;
				GCC_C_LANGUAGE_STANDARD = gnu17;
				GCC_NO_COMMON_BLOCKS = YES;
				GCC_WARN_64_TO_32_BIT_CONVERSION = YES;
				GCC_WARN_ABOUT_RETURN_TYPE = YES_ERROR;
				GCC_WARN_UNDECLARED_SELECTOR = YES;
				GCC_WARN_UNINITIALIZED_AUTOS = YES_AGGRESSIVE;
				GCC_WARN_UNUSED_FUNCTION = YES;
				GCC_WARN_UNUSED_VARIABLE = YES;
				LOCALIZATION_PREFERS_STRING_CATALOGS = YES;
				MTL_ENABLE_DEBUG_INFO = NO;
				MTL_FAST_MATH = YES;
				SWIFT_COMPILATION_MODE = wholemodule;
				SWIFT_EMIT_LOC_STRINGS = YES;
			};
			name = Release;
		};
/* End XCBuildConfiguration section */

/* Begin XCConfigurationList section */
		601EBF242ED7EB0800134A6B /* Build configuration list for PBXProject "CleanURL" */ = {
			isa = XCConfigurationList;
			buildConfigurations = (
				601EBF9D2ED7EB0A00134A6B /* Debug */,
				601EBF9E2ED7EB0A00134A6B /* Release */,
			);
			defaultConfigurationIsVisible = 0;
			defaultConfigurationName = Release;
		};
		601EBF892ED7EB0A00134A6B /* Build configuration list for PBXNativeTarget "CleanURL Extension (iOS)" */ = {
			isa = XCConfigurationList;
			buildConfigurations = (
				601EBF8A2ED7EB0A00134A6B /* Debug */,
				601EBF8B2ED7EB0A00134A6B /* Release */,
			);
			defaultConfigurationIsVisible = 0;
			defaultConfigurationName = Release;
		};
		601EBF8E2ED7EB0A00134A6B /* Build configuration list for PBXNativeTarget "CleanURL (iOS)" */ = {
			isa = XCConfigurationList;
			buildConfigurations = (
				601EBF8F2ED7EB0A00134A6B /* Debug */,
				601EBF902ED7EB0A00134A6B /* Release */,
			);
			defaultConfigurationIsVisible = 0;
			defaultConfigurationName = Release;
		};
		601EBF932ED7EB0A00134A6B /* Build configuration list for PBXNativeTarget "CleanURL Extension (macOS)" */ = {
			isa = XCConfigurationList;
			buildConfigurations = (
				601EBF942ED7EB0A00134A6B /* Debug */,
				601EBF952ED7EB0A00134A6B /* Release */,
			);
			defaultConfigurationIsVisible = 0;
			defaultConfigurationName = Release;
		};
		601EBF982ED7EB0A00134A6B /* Build configuration list for PBXNativeTarget "CleanURL (macOS)" */ = {
			isa = XCConfigurationList;
			buildConfigurations = (
				601EBF992ED7EB0A00134A6B /* Debug */,
				601EBF9A2ED7EB0A00134A6B /* Release */,
			);
			defaultConfigurationIsVisible = 0;
			defaultConfigurationName = Release;
		};
/* End XCConfigurationList section */
	};
	rootObject = 601EBF212ED7EB0800134A6B /* Project object */;
}
